{
  "name": "zjp693.github.io",
  "version": "1.0.0",
  "lockfileVersion": 1,
  "requires": true,
  "dependencies": {
    "@algolia/cache-browser-local-storage": {
      "version": "4.11.0",
      "resolved": "https://registry.npmmirror.com/@algolia/cache-browser-local-storage/download/@algolia/cache-browser-local-storage-4.11.0.tgz",
      "integrity": "sha1-HBaK3QCzmKhg22yGA54zsoQ6lCU=",
      "requires": {
        "@algolia/cache-common": "4.11.0"
      }
    },
    "@algolia/cache-common": {
      "version": "4.11.0",
      "resolved": "https://registry.npmmirror.com/@algolia/cache-common/download/@algolia/cache-common-4.11.0.tgz",
      "integrity": "sha1-Bm/m1YsY5LAo2++buN4HxeIqNZQ="
    },
    "@algolia/cache-in-memory": {
      "version": "4.11.0",
      "resolved": "https://registry.npmmirror.com/@algolia/cache-in-memory/download/@algolia/cache-in-memory-4.11.0.tgz",
      "integrity": "sha1-djyMtlXm/SJhWI4EIU/KCVmsB8E=",
      "requires": {
        "@algolia/cache-common": "4.11.0"
      }
    },
    "@algolia/client-account": {
      "version": "4.11.0",
      "resolved": "https://registry.npmmirror.com/@algolia/client-account/download/@algolia/client-account-4.11.0.tgz",
      "integrity": "sha1-Z/rdOwgCsBPrqqS0e7e6uuiSN04=",
      "requires": {
        "@algolia/client-common": "4.11.0",
        "@algolia/client-search": "4.11.0",
        "@algolia/transporter": "4.11.0"
      }
    },
    "@algolia/client-analytics": {
      "version": "4.11.0",
      "resolved": "https://registry.npmmirror.com/@algolia/client-analytics/download/@algolia/client-analytics-4.11.0.tgz",
      "integrity": "sha1-y9yBKCBeLadJyvx55UcI0UxBOXQ=",
      "requires": {
        "@algolia/client-common": "4.11.0",
        "@algolia/client-search": "4.11.0",
        "@algolia/requester-common": "4.11.0",
        "@algolia/transporter": "4.11.0"
      }
    },
    "@algolia/client-common": {
      "version": "4.11.0",
      "resolved": "https://registry.npmmirror.com/@algolia/client-common/download/@algolia/client-common-4.11.0.tgz",
      "integrity": "sha1-mi0fb46q0lul1tTOMHulvYTm+Zk=",
      "requires": {
        "@algolia/requester-common": "4.11.0",
        "@algolia/transporter": "4.11.0"
      }
    },
    "@algolia/client-personalization": {
      "version": "4.11.0",
      "resolved": "https://registry.npmmirror.com/@algolia/client-personalization/download/@algolia/client-personalization-4.11.0.tgz",
      "integrity": "sha1-078Odg+F34drS69bgZlvCqOlmUA=",
      "requires": {
        "@algolia/client-common": "4.11.0",
        "@algolia/requester-common": "4.11.0",
        "@algolia/transporter": "4.11.0"
      }
    },
    "@algolia/client-search": {
      "version": "4.11.0",
      "resolved": "https://registry.npmmirror.com/@algolia/client-search/download/@algolia/client-search-4.11.0.tgz",
      "integrity": "sha1-wRBdcVoqBLonIx7KhvXWYg9o9K4=",
      "requires": {
        "@algolia/client-common": "4.11.0",
        "@algolia/requester-common": "4.11.0",
        "@algolia/transporter": "4.11.0"
      }
    },
    "@algolia/logger-common": {
      "version": "4.11.0",
      "resolved": "https://registry.npmmirror.com/@algolia/logger-common/download/@algolia/logger-common-4.11.0.tgz",
      "integrity": "sha1-usHC1Z0p3uN4tXQSyO3UNbl95mM="
    },
    "@algolia/logger-console": {
      "version": "4.11.0",
      "resolved": "https://registry.npmmirror.com/@algolia/logger-console/download/@algolia/logger-console-4.11.0.tgz",
      "integrity": "sha1-ztGeOrsi63gu1SaNUe+1qp7xCe8=",
      "requires": {
        "@algolia/logger-common": "4.11.0"
      }
    },
    "@algolia/requester-browser-xhr": {
      "version": "4.11.0",
      "resolved": "https://registry.npmmirror.com/@algolia/requester-browser-xhr/download/@algolia/requester-browser-xhr-4.11.0.tgz",
      "integrity": "sha1-+eGtVvGFQyqo3ejK1Tricf1dYYE=",
      "requires": {
        "@algolia/requester-common": "4.11.0"
      }
    },
    "@algolia/requester-common": {
      "version": "4.11.0",
      "resolved": "https://registry.npmmirror.com/@algolia/requester-common/download/@algolia/requester-common-4.11.0.tgz",
      "integrity": "sha1-0W3pjT/3JDS6w55NkV6rCANZRqk="
    },
    "@algolia/requester-node-http": {
      "version": "4.11.0",
      "resolved": "https://registry.npmmirror.com/@algolia/requester-node-http/download/@algolia/requester-node-http-4.11.0.tgz",
      "integrity": "sha1-vrK2to1fTOFa7IDt5iPwrJaZE2g=",
      "requires": {
        "@algolia/requester-common": "4.11.0"
      }
    },
    "@algolia/transporter": {
      "version": "4.11.0",
      "resolved": "https://registry.npmmirror.com/@algolia/transporter/download/@algolia/transporter-4.11.0.tgz",
      "integrity": "sha1-qN48FzCTzs6wKya1dzlc47PUuW8=",
      "requires": {
        "@algolia/cache-common": "4.11.0",
        "@algolia/logger-common": "4.11.0",
        "@algolia/requester-common": "4.11.0"
      }
    },
    "@babel/parser": {
      "version": "7.16.2",
      "resolved": "https://registry.npmmirror.com/@babel/parser/download/@babel/parser-7.16.2.tgz",
      "integrity": "sha1-NyPNXI2Hc+75bOV+odm3+qzNEqw="
    },
    "@docsearch/css": {
      "version": "1.0.0-alpha.28",
      "resolved": "https://registry.npmmirror.com/@docsearch/css/download/@docsearch/css-1.0.0-alpha.28.tgz",
      "integrity": "sha1-yKLNjBuzpoVcUYkunb2rXUL+biM="
    },
    "@docsearch/js": {
      "version": "1.0.0-alpha.28",
      "resolved": "https://registry.npmmirror.com/@docsearch/js/download/@docsearch/js-1.0.0-alpha.28.tgz",
      "integrity": "sha1-8P3nuKax4dinrh52VcQ9lZtFeys=",
      "requires": {
        "@docsearch/react": "^1.0.0-alpha.28",
        "preact": "^10.0.0"
      }
    },
    "@docsearch/react": {
      "version": "1.0.0-alpha.28",
      "resolved": "https://registry.npmmirror.com/@docsearch/react/download/@docsearch/react-1.0.0-alpha.28.tgz",
      "integrity": "sha1-TwOe15+LMzKxmldneyGa68UBDp0=",
      "requires": {
        "@docsearch/css": "^1.0.0-alpha.28",
        "@francoischalifour/autocomplete-core": "^1.0.0-alpha.28",
        "@francoischalifour/autocomplete-preset-algolia": "^1.0.0-alpha.28",
        "algoliasearch": "^4.0.0"
      }
    },
    "@francoischalifour/autocomplete-core": {
      "version": "1.0.0-alpha.28",
      "resolved": "https://registry.npm.taobao.org/@francoischalifour/autocomplete-core/download/@francoischalifour/autocomplete-core-1.0.0-alpha.28.tgz",
      "integrity": "sha1-a52EkSiOd/gx6bNF1GFiOw0/UAU="
    },
    "@francoischalifour/autocomplete-preset-algolia": {
      "version": "1.0.0-alpha.28",
      "resolved": "https://registry.npm.taobao.org/@francoischalifour/autocomplete-preset-algolia/download/@francoischalifour/autocomplete-preset-algolia-1.0.0-alpha.28.tgz",
      "integrity": "sha1-pa15lvQuQ+Ssu04AENZjdG0OmZc="
    },
    "@nodelib/fs.scandir": {
      "version": "2.1.5",
      "resolved": "https://registry.nlark.com/@nodelib/fs.scandir/download/@nodelib/fs.scandir-2.1.5.tgz",
      "integrity": "sha1-dhnC6yGyVIP20WdUi0z9WnSIw9U=",
      "dev": true,
      "requires": {
        "@nodelib/fs.stat": "2.0.5",
        "run-parallel": "^1.1.9"
      }
    },
    "@nodelib/fs.stat": {
      "version": "2.0.5",
      "resolved": "https://registry.nlark.com/@nodelib/fs.stat/download/@nodelib/fs.stat-2.0.5.tgz",
      "integrity": "sha1-W9Jir5Tp0lvR5xsF3u1Eh2oiLos=",
      "dev": true
    },
    "@nodelib/fs.walk": {
      "version": "1.2.8",
      "resolved": "https://registry.nlark.com/@nodelib/fs.walk/download/@nodelib/fs.walk-1.2.8.tgz",
      "integrity": "sha1-6Vc36LtnRt3t9pxVaVNJTxlv5po=",
      "dev": true,
      "requires": {
        "@nodelib/fs.scandir": "2.1.5",
        "fastq": "^1.6.0"
      }
    },
    "@vitejs/plugin-vue": {
      "version": "1.9.4",
      "resolved": "https://registry.npmmirror.com/@vitejs/plugin-vue/download/@vitejs/plugin-vue-1.9.4.tgz?cache=0&sync_timestamp=1635475280393&other_urls=https%3A%2F%2Fregistry.npmmirror.com%2F%40vitejs%2Fplugin-vue%2Fdownload%2F%40vitejs%2Fplugin-vue-1.9.4.tgz",
      "integrity": "sha1-T0hIVDLLuYap+50lTcM84w3cy/o="
    },
    "@vue/compiler-core": {
      "version": "3.2.21",
      "resolved": "https://registry.npmmirror.com/@vue/compiler-core/download/@vue/compiler-core-3.2.21.tgz",
      "integrity": "sha1-JlZsMrKtg4GZ1HHvXfYgqDhG8k4=",
      "requires": {
        "@babel/parser": "^7.15.0",
        "@vue/shared": "3.2.21",
        "estree-walker": "^2.0.2",
        "source-map": "^0.6.1"
      }
    },
    "@vue/compiler-dom": {
      "version": "3.2.21",
      "resolved": "https://registry.npmmirror.com/@vue/compiler-dom/download/@vue/compiler-dom-3.2.21.tgz",
      "integrity": "sha1-1vbIU2TviIj5xOkSK/uhHnj7OYw=",
      "requires": {
        "@vue/compiler-core": "3.2.21",
        "@vue/shared": "3.2.21"
      }
    },
    "@vue/compiler-sfc": {
      "version": "3.2.21",
      "resolved": "https://registry.npmmirror.com/@vue/compiler-sfc/download/@vue/compiler-sfc-3.2.21.tgz",
      "integrity": "sha1-QmOe5J5yWvt9jx0ZQOddwXpWACw=",
      "requires": {
        "@babel/parser": "^7.15.0",
        "@vue/compiler-core": "3.2.21",
        "@vue/compiler-dom": "3.2.21",
        "@vue/compiler-ssr": "3.2.21",
        "@vue/ref-transform": "3.2.21",
        "@vue/shared": "3.2.21",
        "estree-walker": "^2.0.2",
        "magic-string": "^0.25.7",
        "postcss": "^8.1.10",
        "source-map": "^0.6.1"
      }
    },
    "@vue/compiler-ssr": {
      "version": "3.2.21",
      "resolved": "https://registry.npmmirror.com/@vue/compiler-ssr/download/@vue/compiler-ssr-3.2.21.tgz",
      "integrity": "sha1-N9Ek+J6K3vn9VrhXdd5LUxCgQ24=",
      "requires": {
        "@vue/compiler-dom": "3.2.21",
        "@vue/shared": "3.2.21"
      }
    },
    "@vue/reactivity": {
      "version": "3.2.21",
      "resolved": "https://registry.npmmirror.com/@vue/reactivity/download/@vue/reactivity-3.2.21.tgz",
      "integrity": "sha1-BzrRRBku14oH4VHpWjuqUV5AmaI=",
      "requires": {
        "@vue/shared": "3.2.21"
      }
    },
    "@vue/ref-transform": {
      "version": "3.2.21",
      "resolved": "https://registry.npmmirror.com/@vue/ref-transform/download/@vue/ref-transform-3.2.21.tgz",
      "integrity": "sha1-sMVUyfZAw/AF935nYGaqD6upCYQ=",
      "requires": {
        "@babel/parser": "^7.15.0",
        "@vue/compiler-core": "3.2.21",
        "@vue/shared": "3.2.21",
        "estree-walker": "^2.0.2",
        "magic-string": "^0.25.7"
      }
    },
    "@vue/runtime-core": {
      "version": "3.2.21",
      "resolved": "https://registry.npmmirror.com/@vue/runtime-core/download/@vue/runtime-core-3.2.21.tgz",
      "integrity": "sha1-4S2sjDiTt66/w34yBmcY2KpoasU=",
      "requires": {
        "@vue/reactivity": "3.2.21",
        "@vue/shared": "3.2.21"
      }
    },
    "@vue/runtime-dom": {
      "version": "3.2.21",
      "resolved": "https://registry.npmmirror.com/@vue/runtime-dom/download/@vue/runtime-dom-3.2.21.tgz",
      "integrity": "sha1-M90VvIUoHncxd6MNxpMcKUvXeqE=",
      "requires": {
        "@vue/runtime-core": "3.2.21",
        "@vue/shared": "3.2.21",
        "csstype": "^2.6.8"
      }
    },
    "@vue/server-renderer": {
      "version": "3.2.21",
      "resolved": "https://registry.npmmirror.com/@vue/server-renderer/download/@vue/server-renderer-3.2.21.tgz",
      "integrity": "sha1-iH0KRN529yMTz/JoaiTAMVIx1jQ=",
      "requires": {
        "@vue/compiler-ssr": "3.2.21",
        "@vue/shared": "3.2.21"
      }
    },
    "@vue/shared": {
      "version": "3.2.21",
      "resolved": "https://registry.npmmirror.com/@vue/shared/download/@vue/shared-3.2.21.tgz",
      "integrity": "sha1-TNgMDmLPZaetqyRJ6GtvDLM6Ews="
    },
    "algoliasearch": {
      "version": "4.11.0",
      "resolved": "https://registry.npmmirror.com/algoliasearch/download/algoliasearch-4.11.0.tgz?cache=0&sync_timestamp=1634738335372&other_urls=https%3A%2F%2Fregistry.npmmirror.com%2Falgoliasearch%2Fdownload%2Falgoliasearch-4.11.0.tgz",
      "integrity": "sha1-I0vvs6w1XAlAd/Dt83dyQLHuATw=",
      "requires": {
        "@algolia/cache-browser-local-storage": "4.11.0",
        "@algolia/cache-common": "4.11.0",
        "@algolia/cache-in-memory": "4.11.0",
        "@algolia/client-account": "4.11.0",
        "@algolia/client-analytics": "4.11.0",
        "@algolia/client-common": "4.11.0",
        "@algolia/client-personalization": "4.11.0",
        "@algolia/client-search": "4.11.0",
        "@algolia/logger-common": "4.11.0",
        "@algolia/logger-console": "4.11.0",
        "@algolia/requester-browser-xhr": "4.11.0",
        "@algolia/requester-common": "4.11.0",
        "@algolia/requester-node-http": "4.11.0",
        "@algolia/transporter": "4.11.0"
      }
    },
    "atob": {
      "version": "2.1.2",
      "resolved": "https://registry.nlark.com/atob/download/atob-2.1.2.tgz",
      "integrity": "sha1-bZUX654DDSQ2ZmZR6GvZ9vE1M8k=",
      "dev": true
    },
    "balanced-match": {
      "version": "1.0.2",
      "resolved": "https://registry.npm.taobao.org/balanced-match/download/balanced-match-1.0.2.tgz",
      "integrity": "sha1-6D46fj8wCzTLnYf2FfoMvzV2kO4=",
      "dev": true
    },
    "brace-expansion": {
      "version": "1.1.11",
      "resolved": "https://registry.npm.taobao.org/brace-expansion/download/brace-expansion-1.1.11.tgz",
      "integrity": "sha1-PH/L9SnYcibz0vUrlm/1Jx60Qd0=",
      "dev": true,
      "requires": {
        "balanced-match": "^1.0.0",
        "concat-map": "0.0.1"
      }
    },
    "braces": {
      "version": "3.0.2",
      "resolved": "https://registry.nlark.com/braces/download/braces-3.0.2.tgz",
      "integrity": "sha1-NFThpGLujVmeI23zNs2epPiv4Qc=",
      "dev": true,
      "requires": {
        "fill-range": "^7.0.1"
      }
    },
    "concat-map": {
      "version": "0.0.1",
      "resolved": "https://registry.nlark.com/concat-map/download/concat-map-0.0.1.tgz",
      "integrity": "sha1-2Klr13/Wjfd5OnMDajug1UBdR3s=",
      "dev": true
    },
    "css": {
      "version": "3.0.0",
      "resolved": "https://registry.nlark.com/css/download/css-3.0.0.tgz",
      "integrity": "sha1-REek1Y/dAzZ8UWyp9krjZc7kql0=",
      "dev": true,
      "requires": {
        "inherits": "^2.0.4",
        "source-map": "^0.6.1",
        "source-map-resolve": "^0.6.0"
      }
    },
    "csstype": {
      "version": "2.6.18",
      "resolved": "https://registry.nlark.com/csstype/download/csstype-2.6.18.tgz?cache=0&sync_timestamp=1631540709509&other_urls=https%3A%2F%2Fregistry.nlark.com%2Fcsstype%2Fdownload%2Fcsstype-2.6.18.tgz",
      "integrity": "sha1-mAqLUwhfNK8xNBCvBk8r0kF4Qhg="
    },
    "debug": {
      "version": "3.1.0",
      "resolved": "https://registry.npmmirror.com/debug/download/debug-3.1.0.tgz",
      "integrity": "sha1-W7WgZyYotkFJVmuhaBnmFRjGcmE=",
      "dev": true,
      "requires": {
        "ms": "2.0.0"
      }
    },
    "decode-uri-component": {
      "version": "0.2.0",
      "resolved": "https://registry.nlark.com/decode-uri-component/download/decode-uri-component-0.2.0.tgz",
      "integrity": "sha1-6zkTMzRYd1y4TNGh+uBiEGu4dUU=",
      "dev": true
    },
    "esbuild": {
      "version": "0.13.12",
      "resolved": "https://registry.npmmirror.com/esbuild/download/esbuild-0.13.12.tgz",
      "integrity": "sha1-nKxkFZS/A880FFJYwJPXQ+u958o=",
      "requires": {
        "esbuild-android-arm64": "0.13.12",
        "esbuild-darwin-64": "0.13.12",
        "esbuild-darwin-arm64": "0.13.12",
        "esbuild-freebsd-64": "0.13.12",
        "esbuild-freebsd-arm64": "0.13.12",
        "esbuild-linux-32": "0.13.12",
        "esbuild-linux-64": "0.13.12",
        "esbuild-linux-arm": "0.13.12",
        "esbuild-linux-arm64": "0.13.12",
        "esbuild-linux-mips64le": "0.13.12",
        "esbuild-linux-ppc64le": "0.13.12",
        "esbuild-netbsd-64": "0.13.12",
        "esbuild-openbsd-64": "0.13.12",
        "esbuild-sunos-64": "0.13.12",
        "esbuild-windows-32": "0.13.12",
        "esbuild-windows-64": "0.13.12",
        "esbuild-windows-arm64": "0.13.12"
      }
    },
    "esbuild-android-arm64": {
      "version": "0.13.12",
      "resolved": "https://registry.npmmirror.com/esbuild-android-arm64/download/esbuild-android-arm64-0.13.12.tgz?cache=0&sync_timestamp=1635657401958&other_urls=https%3A%2F%2Fregistry.npmmirror.com%2Fesbuild-android-arm64%2Fdownload%2Fesbuild-android-arm64-0.13.12.tgz",
      "integrity": "sha1-4fGZ3AVAXNxmcMAPtseTgiv4rkw=",
      "optional": true
    },
    "esbuild-darwin-64": {
      "version": "0.13.12",
      "resolved": "https://registry.npmmirror.com/esbuild-darwin-64/download/esbuild-darwin-64-0.13.12.tgz",
      "integrity": "sha1-9cWeYilVwB8FDlp6ycHUHbcUuU0=",
      "optional": true
    },
    "esbuild-darwin-arm64": {
      "version": "0.13.12",
      "resolved": "https://registry.npmmirror.com/esbuild-darwin-arm64/download/esbuild-darwin-arm64-0.13.12.tgz?cache=0&sync_timestamp=1635657375258&other_urls=https%3A%2F%2Fregistry.npmmirror.com%2Fesbuild-darwin-arm64%2Fdownload%2Fesbuild-darwin-arm64-0.13.12.tgz",
      "integrity": "sha1-irrnTClWqKpWj8UseIKTOMSkuYg=",
      "optional": true
    },
    "esbuild-freebsd-64": {
      "version": "0.13.12",
      "resolved": "https://registry.npmmirror.com/esbuild-freebsd-64/download/esbuild-freebsd-64-0.13.12.tgz?cache=0&sync_timestamp=1635657382242&other_urls=https%3A%2F%2Fregistry.npmmirror.com%2Fesbuild-freebsd-64%2Fdownload%2Fesbuild-freebsd-64-0.13.12.tgz",
      "integrity": "sha1-atKrjANk7n3S1uMk2Hao5grnXRI=",
      "optional": true
    },
    "esbuild-freebsd-arm64": {
      "version": "0.13.12",
      "resolved": "https://registry.npmmirror.com/esbuild-freebsd-arm64/download/esbuild-freebsd-arm64-0.13.12.tgz?cache=0&other_urls=https%3A%2F%2Fregistry.npmmirror.com%2Fesbuild-freebsd-arm64%2Fdownload%2Fesbuild-freebsd-arm64-0.13.12.tgz",
      "integrity": "sha1-bzgVX0wwCsTIrd4f3jzGpEQKgpQ=",
      "optional": true
    },
    "esbuild-linux-32": {
      "version": "0.13.12",
      "resolved": "https://registry.npmmirror.com/esbuild-linux-32/download/esbuild-linux-32-0.13.12.tgz?cache=0&sync_timestamp=1635657394431&other_urls=https%3A%2F%2Fregistry.npmmirror.com%2Fesbuild-linux-32%2Fdownload%2Fesbuild-linux-32-0.13.12.tgz",
      "integrity": "sha1-sdFeMwGIqMId51w/AFhiij7vrec=",
      "optional": true
    },
    "esbuild-linux-64": {
      "version": "0.13.12",
      "resolved": "https://registry.npmmirror.com/esbuild-linux-64/download/esbuild-linux-64-0.13.12.tgz",
      "integrity": "sha1-Jb1ktmFisCNI4y2PEuTJ7mHx0HA=",
      "optional": true
    },
    "esbuild-linux-arm": {
      "version": "0.13.12",
      "resolved": "https://registry.npmmirror.com/esbuild-linux-arm/download/esbuild-linux-arm-0.13.12.tgz?cache=0&sync_timestamp=1635657980314&other_urls=https%3A%2F%2Fregistry.npmmirror.com%2Fesbuild-linux-arm%2Fdownload%2Fesbuild-linux-arm-0.13.12.tgz",
      "integrity": "sha1-a8gclXv/InJWiMxjWcKaJXZb4Js=",
      "optional": true
    },
    "esbuild-linux-arm64": {
      "version": "0.13.12",
      "resolved": "https://registry.npmmirror.com/esbuild-linux-arm64/download/esbuild-linux-arm64-0.13.12.tgz?cache=0&sync_timestamp=1635657985700&other_urls=https%3A%2F%2Fregistry.npmmirror.com%2Fesbuild-linux-arm64%2Fdownload%2Fesbuild-linux-arm64-0.13.12.tgz",
      "integrity": "sha1-ulgimEV8xcmsgjonXeEXYgwGU38=",
      "optional": true
    },
    "esbuild-linux-mips64le": {
      "version": "0.13.12",
      "resolved": "https://registry.npmmirror.com/esbuild-linux-mips64le/download/esbuild-linux-mips64le-0.13.12.tgz?cache=0&sync_timestamp=1635657991247&other_urls=https%3A%2F%2Fregistry.npmmirror.com%2Fesbuild-linux-mips64le%2Fdownload%2Fesbuild-linux-mips64le-0.13.12.tgz",
      "integrity": "sha1-7zxKuj5YXYR8ut5ZRai0pcYsfOI=",
      "optional": true
    },
    "esbuild-linux-ppc64le": {
      "version": "0.13.12",
      "resolved": "https://registry.npmmirror.com/esbuild-linux-ppc64le/download/esbuild-linux-ppc64le-0.13.12.tgz?cache=0&sync_timestamp=1635657416015&other_urls=https%3A%2F%2Fregistry.npmmirror.com%2Fesbuild-linux-ppc64le%2Fdownload%2Fesbuild-linux-ppc64le-0.13.12.tgz",
      "integrity": "sha1-oh+2ToDDi+8GEi5IKDmQ/G21eOE=",
      "optional": true
    },
    "esbuild-netbsd-64": {
      "version": "0.13.12",
      "resolved": "https://registry.npmmirror.com/esbuild-netbsd-64/download/esbuild-netbsd-64-0.13.12.tgz?cache=0&sync_timestamp=1635657417330&other_urls=https%3A%2F%2Fregistry.npmmirror.com%2Fesbuild-netbsd-64%2Fdownload%2Fesbuild-netbsd-64-0.13.12.tgz",
      "integrity": "sha1-Hqf8jPzoiiCkBHuGfvGEBJpmQa4=",
      "optional": true
    },
    "esbuild-openbsd-64": {
      "version": "0.13.12",
      "resolved": "https://registry.npmmirror.com/esbuild-openbsd-64/download/esbuild-openbsd-64-0.13.12.tgz?cache=0&sync_timestamp=1635657418495&other_urls=https%3A%2F%2Fregistry.npmmirror.com%2Fesbuild-openbsd-64%2Fdownload%2Fesbuild-openbsd-64-0.13.12.tgz",
      "integrity": "sha1-rd4y8vGwXcS9T8VE1upaQ3n5yk0=",
      "optional": true
    },
    "esbuild-sunos-64": {
      "version": "0.13.12",
      "resolved": "https://registry.npmmirror.com/esbuild-sunos-64/download/esbuild-sunos-64-0.13.12.tgz?cache=0&sync_timestamp=1635657419814&other_urls=https%3A%2F%2Fregistry.npmmirror.com%2Fesbuild-sunos-64%2Fdownload%2Fesbuild-sunos-64-0.13.12.tgz",
      "integrity": "sha1-p+yvUrc2T77nbciqcH+j4c/zNCw=",
      "optional": true
    },
    "esbuild-windows-32": {
      "version": "0.13.12",
      "resolved": "https://registry.npmmirror.com/esbuild-windows-32/download/esbuild-windows-32-0.13.12.tgz?cache=0&sync_timestamp=1635657421280&other_urls=https%3A%2F%2Fregistry.npmmirror.com%2Fesbuild-windows-32%2Fdownload%2Fesbuild-windows-32-0.13.12.tgz",
      "integrity": "sha1-qHVgM9yQXEt76hm+affuaICfh3A=",
      "optional": true
    },
    "esbuild-windows-64": {
      "version": "0.13.12",
      "resolved": "https://registry.npmmirror.com/esbuild-windows-64/download/esbuild-windows-64-0.13.12.tgz?cache=0&sync_timestamp=1635657422717&other_urls=https%3A%2F%2Fregistry.npmmirror.com%2Fesbuild-windows-64%2Fdownload%2Fesbuild-windows-64-0.13.12.tgz",
      "integrity": "sha1-rmlKpmygeKy4UJstoxGX7R9A95g=",
      "optional": true
    },
    "esbuild-windows-arm64": {
      "version": "0.13.12",
      "resolved": "https://registry.npmmirror.com/esbuild-windows-arm64/download/esbuild-windows-arm64-0.13.12.tgz?cache=0&sync_timestamp=1635657423862&other_urls=https%3A%2F%2Fregistry.npmmirror.com%2Fesbuild-windows-arm64%2Fdownload%2Fesbuild-windows-arm64-0.13.12.tgz",
      "integrity": "sha1-eCxai9bXF+pVqq/mSPmSbKNqSog=",
      "optional": true
    },
    "estree-walker": {
      "version": "2.0.2",
      "resolved": "https://registry.npm.taobao.org/estree-walker/download/estree-walker-2.0.2.tgz",
      "integrity": "sha1-UvAQF4wqTBF6d1fP6UKtt9LaTKw="
    },
    "fast-glob": {
      "version": "3.2.7",
      "resolved": "https://registry.nlark.com/fast-glob/download/fast-glob-3.2.7.tgz",
      "integrity": "sha1-/Wy3otfpqnp4RhEehaGW1rL3ZqE=",
      "dev": true,
      "requires": {
        "@nodelib/fs.stat": "^2.0.2",
        "@nodelib/fs.walk": "^1.2.3",
        "glob-parent": "^5.1.2",
        "merge2": "^1.3.0",
        "micromatch": "^4.0.4"
      }
    },
    "fastq": {
      "version": "1.13.0",
      "resolved": "https://registry.nlark.com/fastq/download/fastq-1.13.0.tgz",
      "integrity": "sha1-YWdg+Ip1Jr38WWt8q4wYk4w2uYw=",
      "dev": true,
      "requires": {
        "reusify": "^1.0.4"
      }
    },
    "fill-range": {
      "version": "7.0.1",
      "resolved": "https://registry.nlark.com/fill-range/download/fill-range-7.0.1.tgz",
      "integrity": "sha1-GRmmp8df44ssfHflGYU12prN2kA=",
      "dev": true,
      "requires": {
        "to-regex-range": "^5.0.1"
      }
    },
    "fs.realpath": {
      "version": "1.0.0",
      "resolved": "https://registry.nlark.com/fs.realpath/download/fs.realpath-1.0.0.tgz",
      "integrity": "sha1-FQStJSMVjKpA20onh8sBQRmU6k8=",
      "dev": true
    },
    "fsevents": {
      "version": "2.3.2",
      "resolved": "https://registry.npmmirror.com/fsevents/download/fsevents-2.3.2.tgz",
      "integrity": "sha1-ilJveLj99GI7cJ4Ll1xSwkwC/Ro=",
      "optional": true
    },
    "function-bind": {
      "version": "1.1.1",
      "resolved": "https://registry.nlark.com/function-bind/download/function-bind-1.1.1.tgz",
      "integrity": "sha1-pWiZ0+o8m6uHS7l3O3xe3pL0iV0="
    },
    "glob": {
      "version": "7.2.0",
      "resolved": "https://registry.npmmirror.com/glob/download/glob-7.2.0.tgz",
      "integrity": "sha1-0VU1r3cy4C6Uj0xBYovZECk/YCM=",
      "dev": true,
      "requires": {
        "fs.realpath": "^1.0.0",
        "inflight": "^1.0.4",
        "inherits": "2",
        "minimatch": "^3.0.4",
        "once": "^1.3.0",
        "path-is-absolute": "^1.0.0"
      }
    },
    "glob-parent": {
      "version": "5.1.2",
      "resolved": "https://registry.npmmirror.com/glob-parent/download/glob-parent-5.1.2.tgz",
      "integrity": "sha1-hpgyxYA0/mikCTwX3BXoNA2EAcQ=",
      "dev": true,
      "requires": {
        "is-glob": "^4.0.1"
      }
    },
    "has": {
      "version": "1.0.3",
      "resolved": "https://registry.nlark.com/has/download/has-1.0.3.tgz",
      "integrity": "sha1-ci18v8H2qoJB8W3YFOAR4fQeh5Y=",
      "requires": {
        "function-bind": "^1.1.1"
      }
    },
    "inflight": {
      "version": "1.0.6",
      "resolved": "https://registry.npm.taobao.org/inflight/download/inflight-1.0.6.tgz",
      "integrity": "sha1-Sb1jMdfQLQwJvJEKEHW6gWW1bfk=",
      "dev": true,
      "requires": {
        "once": "^1.3.0",
        "wrappy": "1"
      }
    },
    "inherits": {
      "version": "2.0.4",
      "resolved": "https://registry.nlark.com/inherits/download/inherits-2.0.4.tgz",
      "integrity": "sha1-D6LGT5MpF8NDOg3tVTY6rjdBa3w=",
      "dev": true
    },
    "is-core-module": {
      "version": "2.8.0",
      "resolved": "https://registry.npmmirror.com/is-core-module/download/is-core-module-2.8.0.tgz?cache=0&sync_timestamp=1634236702465&other_urls=https%3A%2F%2Fregistry.npmmirror.com%2Fis-core-module%2Fdownload%2Fis-core-module-2.8.0.tgz",
      "integrity": "sha1-AyEzbD0JJeSX/Zf12VyxFKXM1Ug=",
      "requires": {
        "has": "^1.0.3"
      }
    },
    "is-extglob": {
      "version": "2.1.1",
      "resolved": "https://registry.npm.taobao.org/is-extglob/download/is-extglob-2.1.1.tgz",
      "integrity": "sha1-qIwCU1eR8C7TfHahueqXc8gz+MI=",
      "dev": true
    },
    "is-glob": {
      "version": "4.0.3",
      "resolved": "https://registry.npmmirror.com/is-glob/download/is-glob-4.0.3.tgz?cache=0&sync_timestamp=1632934586547&other_urls=https%3A%2F%2Fregistry.npmmirror.com%2Fis-glob%2Fdownload%2Fis-glob-4.0.3.tgz",
      "integrity": "sha1-ZPYeQsu7LuwgcanawLKLoeZdUIQ=",
      "dev": true,
      "requires": {
        "is-extglob": "^2.1.1"
      }
    },
    "is-number": {
      "version": "7.0.0",
      "resolved": "https://registry.nlark.com/is-number/download/is-number-7.0.0.tgz",
      "integrity": "sha1-dTU0W4lnNNX4DE0GxQlVUnoU8Ss=",
      "dev": true
    },
    "klona": {
      "version": "2.0.5",
      "resolved": "https://registry.npmmirror.com/klona/download/klona-2.0.5.tgz",
      "integrity": "sha1-0WZXTZAHY5XZljqnqSj6u412r7w=",
      "dev": true
    },
    "magic-string": {
      "version": "0.25.7",
      "resolved": "https://registry.npm.taobao.org/magic-string/download/magic-string-0.25.7.tgz",
      "integrity": "sha1-P0l9b9NMZpxnmNy4IfLvMfVEUFE=",
      "requires": {
        "sourcemap-codec": "^1.4.4"
      }
    },
    "merge2": {
      "version": "1.4.1",
      "resolved": "https://registry.nlark.com/merge2/download/merge2-1.4.1.tgz",
      "integrity": "sha1-Q2iJL4hekHRVpv19xVwMnUBJkK4=",
      "dev": true
    },
    "micromatch": {
      "version": "4.0.4",
      "resolved": "https://registry.npm.taobao.org/micromatch/download/micromatch-4.0.4.tgz?cache=0&sync_timestamp=1618054841521&other_urls=https%3A%2F%2Fregistry.npm.taobao.org%2Fmicromatch%2Fdownload%2Fmicromatch-4.0.4.tgz",
      "integrity": "sha1-iW1Rnf6dsl/OlM63pQCRm/iB6/k=",
      "dev": true,
      "requires": {
        "braces": "^3.0.1",
        "picomatch": "^2.2.3"
      }
    },
    "minimatch": {
      "version": "3.0.4",
      "resolved": "https://registry.nlark.com/minimatch/download/minimatch-3.0.4.tgz?cache=0&sync_timestamp=1618846754554&other_urls=https%3A%2F%2Fregistry.nlark.com%2Fminimatch%2Fdownload%2Fminimatch-3.0.4.tgz",
      "integrity": "sha1-UWbihkV/AzBgZL5Ul+jbsMPTIIM=",
      "dev": true,
      "requires": {
        "brace-expansion": "^1.1.7"
      }
    },
    "mkdirp": {
      "version": "1.0.4",
      "resolved": "https://registry.npmmirror.com/mkdirp/download/mkdirp-1.0.4.tgz",
      "integrity": "sha1-PrXtYmInVteaXw4qIh3+utdcL34=",
      "dev": true
    },
    "ms": {
      "version": "2.0.0",
      "resolved": "https://registry.npmmirror.com/ms/download/ms-2.0.0.tgz",
      "integrity": "sha1-VgiurfwAvmwpAd9fmGF4jeDVl8g=",
      "dev": true
    },
    "nanoid": {
      "version": "3.1.30",
      "resolved": "https://registry.npmmirror.com/nanoid/download/nanoid-3.1.30.tgz?cache=0&other_urls=https%3A%2F%2Fregistry.npmmirror.com%2Fnanoid%2Fdownload%2Fnanoid-3.1.30.tgz",
      "integrity": "sha1-Y/k8xUjSoRPcXfvGO/oJ4rm2Q2I="
    },
    "normalize-path": {
      "version": "3.0.0",
      "resolved": "https://registry.nlark.com/normalize-path/download/normalize-path-3.0.0.tgz",
      "integrity": "sha1-Dc1p/yOhybEf0JeDFmRKA4ghamU=",
      "dev": true
    },
    "once": {
      "version": "1.4.0",
      "resolved": "https://registry.nlark.com/once/download/once-1.4.0.tgz",
      "integrity": "sha1-WDsap3WWHUsROsF9nFC6753Xa9E=",
      "dev": true,
      "requires": {
        "wrappy": "1"
      }
    },
    "path-is-absolute": {
      "version": "1.0.1",
      "resolved": "https://registry.nlark.com/path-is-absolute/download/path-is-absolute-1.0.1.tgz",
      "integrity": "sha1-F0uSaHNVNP+8es5r9TpanhtcX18=",
      "dev": true
    },
    "path-parse": {
      "version": "1.0.7",
      "resolved": "https://registry.nlark.com/path-parse/download/path-parse-1.0.7.tgz",
      "integrity": "sha1-+8EUtgykKzDZ2vWFjkvWi77bZzU="
    },
    "picocolors": {
      "version": "1.0.0",
      "resolved": "https://registry.npmmirror.com/picocolors/download/picocolors-1.0.0.tgz?cache=0&sync_timestamp=1634093378416&other_urls=https%3A%2F%2Fregistry.npmmirror.com%2Fpicocolors%2Fdownload%2Fpicocolors-1.0.0.tgz",
      "integrity": "sha1-y1vcdP8/UYkiNur3nWi8RFZKuBw="
    },
    "picomatch": {
      "version": "2.3.0",
      "resolved": "https://registry.nlark.com/picomatch/download/picomatch-2.3.0.tgz?cache=0&other_urls=https%3A%2F%2Fregistry.nlark.com%2Fpicomatch%2Fdownload%2Fpicomatch-2.3.0.tgz",
      "integrity": "sha1-8fBh3o9qS/AiiS4tEoI0+5gwKXI=",
      "dev": true
    },
    "postcss": {
      "version": "8.3.11",
      "resolved": "https://registry.npmmirror.com/postcss/download/postcss-8.3.11.tgz",
      "integrity": "sha1-w77KfqgRzV4cSj7G0udZnvH4+Fg=",
      "requires": {
        "nanoid": "^3.1.30",
        "picocolors": "^1.0.0",
        "source-map-js": "^0.6.2"
      }
    },
    "preact": {
      "version": "10.5.15",
      "resolved": "https://registry.npmmirror.com/preact/download/preact-10.5.15.tgz",
      "integrity": "sha1-bflNiv7PP54Qp0L9jDYt2rRkIl8="
    },
    "prismjs": {
      "version": "1.25.0",
      "resolved": "https://registry.nlark.com/prismjs/download/prismjs-1.25.0.tgz",
      "integrity": "sha1-b4It8b2tllc0sxCzFaIzFc+Zl1Y="
    },
    "queue-microtask": {
      "version": "1.2.3",
      "resolved": "https://registry.nlark.com/queue-microtask/download/queue-microtask-1.2.3.tgz",
      "integrity": "sha1-SSkii7xyTfrEPg77BYyve2z7YkM=",
      "dev": true
    },
    "resolve": {
      "version": "1.20.0",
      "resolved": "https://registry.nlark.com/resolve/download/resolve-1.20.0.tgz",
      "integrity": "sha1-YpoBP7P3B1XW8LeTXMHCxTeLGXU=",
      "requires": {
        "is-core-module": "^2.2.0",
        "path-parse": "^1.0.6"
      }
    },
    "reusify": {
      "version": "1.0.4",
      "resolved": "https://registry.npm.taobao.org/reusify/download/reusify-1.0.4.tgz",
      "integrity": "sha1-kNo4Kx4SbvwCFG6QhFqI2xKSXXY=",
      "dev": true
    },
    "rollup": {
      "version": "2.59.0",
      "resolved": "https://registry.npmmirror.com/rollup/download/rollup-2.59.0.tgz",
      "integrity": "sha1-EIxhsPoKN+vI0fFk8oFiIFbw21k=",
      "requires": {
        "fsevents": "~2.3.2"
      }
    },
    "run-parallel": {
      "version": "1.2.0",
      "resolved": "https://registry.nlark.com/run-parallel/download/run-parallel-1.2.0.tgz",
      "integrity": "sha1-ZtE2jae9+SHrnZW9GpIp5/IaQ+4=",
      "dev": true,
      "requires": {
        "queue-microtask": "^1.2.2"
      }
    },
    "safer-buffer": {
      "version": "2.1.2",
      "resolved": "https://registry.nlark.com/safer-buffer/download/safer-buffer-2.1.2.tgz",
      "integrity": "sha1-RPoWGwGHuVSd2Eu5GAL5vYOFzWo=",
      "dev": true
    },
    "sax": {
      "version": "1.2.4",
      "resolved": "https://registry.npm.taobao.org/sax/download/sax-1.2.4.tgz",
      "integrity": "sha1-KBYjTiN4vdxOU1T6tcqold9xANk=",
      "dev": true
    },
    "semver": {
      "version": "6.3.0",
      "resolved": "https://registry.npm.taobao.org/semver/download/semver-6.3.0.tgz",
      "integrity": "sha1-7gpkyK9ejO6mdoexM3YeG+y9HT0=",
      "dev": true
    },
    "source-map": {
      "version": "0.6.1",
      "resolved": "https://registry.nlark.com/source-map/download/source-map-0.6.1.tgz",
      "integrity": "sha1-dHIq8y6WFOnCh6jQu95IteLxomM="
    },
    "source-map-js": {
      "version": "0.6.2",
      "resolved": "https://registry.npmmirror.com/source-map-js/download/source-map-js-0.6.2.tgz?cache=0&sync_timestamp=1636059566828&other_urls=https%3A%2F%2Fregistry.npmmirror.com%2Fsource-map-js%2Fdownload%2Fsource-map-js-0.6.2.tgz",
      "integrity": "sha1-C7XeYxtBz72mz7qL0FqA79/SOF4="
    },
    "source-map-resolve": {
      "version": "0.6.0",
      "resolved": "https://registry.nlark.com/source-map-resolve/download/source-map-resolve-0.6.0.tgz",
      "integrity": "sha1-PZ34fiNrU/FtAeWBUPx3EROOXtI=",
      "dev": true,
      "requires": {
        "atob": "^2.1.2",
        "decode-uri-component": "^0.2.0"
      }
    },
    "sourcemap-codec": {
      "version": "1.4.8",
      "resolved": "https://registry.npm.taobao.org/sourcemap-codec/download/sourcemap-codec-1.4.8.tgz",
      "integrity": "sha1-6oBL2UhXQC5pktBaOO8a41qatMQ="
    },
    "stylus": {
      "version": "0.55.0",
      "resolved": "https://registry.nlark.com/stylus/download/stylus-0.55.0.tgz",
      "integrity": "sha1-vUBKNt2T+od0Sp3S0rG4RQNF5fw=",
      "dev": true,
      "requires": {
        "css": "^3.0.0",
        "debug": "~3.1.0",
        "glob": "^7.1.6",
        "mkdirp": "~1.0.4",
        "safer-buffer": "^2.1.2",
        "sax": "~1.2.4",
        "semver": "^6.3.0",
        "source-map": "^0.7.3"
      },
      "dependencies": {
        "source-map": {
          "version": "0.7.3",
          "resolved": "https://registry.nlark.com/source-map/download/source-map-0.7.3.tgz",
          "integrity": "sha1-UwL4FpAxc1ImVECS5kmB91F1A4M=",
          "dev": true
        }
      }
    },
    "stylus-loader": {
      "version": "6.2.0",
      "resolved": "https://registry.npmmirror.com/stylus-loader/download/stylus-loader-6.2.0.tgz",
      "integrity": "sha1-C6SZ50Tn+52bOXd4TIY5cop87Yw=",
      "dev": true,
      "requires": {
        "fast-glob": "^3.2.7",
        "klona": "^2.0.4",
        "normalize-path": "^3.0.0"
      }
    },
    "to-regex-range": {
      "version": "5.0.1",
      "resolved": "https://registry.nlark.com/to-regex-range/download/to-regex-range-5.0.1.tgz",
      "integrity": "sha1-FkjESq58jZiKMmAY7XL1tN0DkuQ=",
      "dev": true,
      "requires": {
        "is-number": "^7.0.0"
      }
    },
    "vite": {
      "version": "2.6.13",
      "resolved": "https://registry.npmmirror.com/vite/download/vite-2.6.13.tgz?cache=0&sync_timestamp=1636007765472&other_urls=https%3A%2F%2Fregistry.npmmirror.com%2Fvite%2Fdownload%2Fvite-2.6.13.tgz",
      "integrity": "sha1-FrPshaZtW0YawpqQOHTUNX+a9DI=",
      "requires": {
        "esbuild": "^0.13.2",
        "fsevents": "~2.3.2",
        "postcss": "^8.3.8",
        "resolve": "^1.20.0",
        "rollup": "^2.57.0"
      }
    },
    "vitepress": {
      "version": "0.20.1",
      "resolved": "https://registry.npmmirror.com/vitepress/download/vitepress-0.20.1.tgz",
      "integrity": "sha1-NNOZUKUGKk76ViG+OnjABfZW+u4=",
      "requires": {
        "@docsearch/css": "^1.0.0-alpha.28",
        "@docsearch/js": "^1.0.0-alpha.28",
        "@vitejs/plugin-vue": "^1.9.0",
        "prismjs": "^1.25.0",
        "vite": "^2.6.5",
        "vue": "^3.2.19"
      }
    },
    "vue": {
      "version": "3.2.21",
      "resolved": "https://registry.npmmirror.com/vue/download/vue-3.2.21.tgz",
      "integrity": "sha1-VfVmUXLZXPl+gGuarQo3UYC+I6E=",
      "requires": {
        "@vue/compiler-dom": "3.2.21",
        "@vue/compiler-sfc": "3.2.21",
        "@vue/runtime-dom": "3.2.21",
        "@vue/server-renderer": "3.2.21",
        "@vue/shared": "3.2.21"
      }
    },
    "wrappy": {
      "version": "1.0.2",
      "resolved": "https://registry.nlark.com/wrappy/download/wrappy-1.0.2.tgz?cache=0&sync_timestamp=1619133505879&other_urls=https%3A%2F%2Fregistry.nlark.com%2Fwrappy%2Fdownload%2Fwrappy-1.0.2.tgz",
      "integrity": "sha1-tSQ9jz7BqjXxNkYFvA0QNuMKtp8=",
      "dev": true
    }
  }
}
